
Microsoft Visual Studio Solution File, Format Version 12.00
# Visual Studio 15
VisualStudioVersion = 15.0.27130.2010
MinimumVisualStudioVersion = 10.0.40219.1
Project("{FAE04EC0-301F-11D3-BF4B-00C04F79EFBC}") = "1061. 判断题(15)", "1061. 判断题(15)\1061. 判断题(15).csproj", "{6508FDB8-7F36-4D34-BA96-98924502CE57}"
EndProject
Global
	GlobalSection(SolutionConfigurationPlatforms) = preSolution
		Debug|Any CPU = Debug|Any CPU
		Release|Any CPU = Release|Any CPU
	EndGlobalSection
	GlobalSection(ProjectConfigurationPlatforms) = postSolution
		{6508FDB8-7F36-4D34-BA96-98924502CE57}.Debug|Any CPU.ActiveCfg = Debug|Any CPU
		{6508FDB8-7F36-4D34-BA96-98924502CE57}.Debug|Any CPU.Build.0 = Debug|Any CPU
		{6508FDB8-7F36-4D34-BA96-98924502CE57}.Release|Any CPU.ActiveCfg = Release|Any CPU
		{6508FDB8-7F36-4D34-BA96-98924502CE57}.Release|Any CPU.Build.0 = Release|Any CPU
	EndGlobalSection
	GlobalSection(SolutionProperties) = preSolution
		HideSolutionNode = FALSE
	EndGlobalSection
	GlobalSection(ExtensibilityGlobals) = postSolution
		SolutionGuid = {C0E7A9A7-9B92-4F74-AA8B-539E7B97B44F}
	EndGlobalSection
EndGlobal
